
Microsoft Visual Studio Solution File, Format Version 12.00
# Visual Studio Version 16
VisualStudioVersion = 16.0.31515.178
MinimumVisualStudioVersion = 10.0.40219.1
Project("{2150E333-8FDC-42A3-9474-1A3956D46DE8}") = "BLL", "BLL", "{F8285E6C-DE32-41B1-ACE6-054067FCB0F0}"
EndProject
Project("{2150E333-8FDC-42A3-9474-1A3956D46DE8}") = "DAL", "DAL", "{AB2A4479-AC97-48E4-B64C-057C316891A1}"
EndProject
Project("{2150E333-8FDC-42A3-9474-1A3956D46DE8}") = "PL", "PL", "{FFBA0D0F-8B6A-406C-9931-45FA67BE4757}"
EndProject
Project("{2150E333-8FDC-42A3-9474-1A3956D46DE8}") = "Tests", "Tests", "{5ADBF889-B44B-4B12-AB2D-ABA64A700EE6}"
EndProject
Project("{FAE04EC0-301F-11D3-BF4B-00C04F79EFBC}") = "Epam.Library.BLL", "Epam.Library.BLL\Epam.Library.BLL.csproj", "{0A95235F-06D1-44D8-9FB4-847BCDEFD13B}"
	ProjectSection(ProjectDependencies) = postProject
		{20E49E45-EF38-4F84-9560-072AB99291C3} = {20E49E45-EF38-4F84-9560-072AB99291C3}
		{D857D7D5-E95A-4ACF-BBFB-48E9D69565AC} = {D857D7D5-E95A-4ACF-BBFB-48E9D69565AC}
	EndProjectSection
EndProject
Project("{FAE04EC0-301F-11D3-BF4B-00C04F79EFBC}") = "Epam.Library.DAL", "Epam.Library.DAL\Epam.Library.DAL.csproj", "{D857D7D5-E95A-4ACF-BBFB-48E9D69565AC}"
	ProjectSection(ProjectDependencies) = postProject
		{20E49E45-EF38-4F84-9560-072AB99291C3} = {20E49E45-EF38-4F84-9560-072AB99291C3}
	EndProjectSection
EndProject
Project("{2150E333-8FDC-42A3-9474-1A3956D46DE8}") = "Common", "Common", "{75EF10A3-7BB9-47AD-9234-0A6BE22AA0E8}"
EndProject
Project("{FAE04EC0-301F-11D3-BF4B-00C04F79EFBC}") = "Epam.Library.Entities", "Epam.Library.Entities\Epam.Library.Entities.csproj", "{20E49E45-EF38-4F84-9560-072AB99291C3}"
EndProject
Project("{FAE04EC0-301F-11D3-BF4B-00C04F79EFBC}") = "Epam.Library.UnitTests", "Epam.Library.UnitTests\Epam.Library.UnitTests.csproj", "{C4C7045D-C04C-4B8A-B2BE-2C77CF4BBF8A}"
	ProjectSection(ProjectDependencies) = postProject
		{20E49E45-EF38-4F84-9560-072AB99291C3} = {20E49E45-EF38-4F84-9560-072AB99291C3}
		{0A95235F-06D1-44D8-9FB4-847BCDEFD13B} = {0A95235F-06D1-44D8-9FB4-847BCDEFD13B}
		{D857D7D5-E95A-4ACF-BBFB-48E9D69565AC} = {D857D7D5-E95A-4ACF-BBFB-48E9D69565AC}
	EndProjectSection
EndProject
Project("{FAE04EC0-301F-11D3-BF4B-00C04F79EFBC}") = "Epam.Library.ConsolePL", "Epam.Library.ConsolePL\Epam.Library.ConsolePL.csproj", "{A2A92153-A2CA-40E8-8184-F0EE051C1B7A}"
	ProjectSection(ProjectDependencies) = postProject
		{20E49E45-EF38-4F84-9560-072AB99291C3} = {20E49E45-EF38-4F84-9560-072AB99291C3}
		{0A95235F-06D1-44D8-9FB4-847BCDEFD13B} = {0A95235F-06D1-44D8-9FB4-847BCDEFD13B}
	EndProjectSection
EndProject
Project("{FAE04EC0-301F-11D3-BF4B-00C04F79EFBC}") = "Epam.Library.Dependencies", "Epam.Library.Dependencies\Epam.Library.Dependencies.csproj", "{8FD4E38E-48D7-403E-8D3E-96E647EC8EF2}"
	ProjectSection(ProjectDependencies) = postProject
		{0A95235F-06D1-44D8-9FB4-847BCDEFD13B} = {0A95235F-06D1-44D8-9FB4-847BCDEFD13B}
		{D857D7D5-E95A-4ACF-BBFB-48E9D69565AC} = {D857D7D5-E95A-4ACF-BBFB-48E9D69565AC}
	EndProjectSection
EndProject
Project("{FAE04EC0-301F-11D3-BF4B-00C04F79EFBC}") = "Epam.Library.BLL.Interfaces", "Epam.Library.BLL.Interfaces\Epam.Library.BLL.Interfaces.csproj", "{F553C504-15FE-4982-A091-23225F98D853}"
EndProject
Project("{FAE04EC0-301F-11D3-BF4B-00C04F79EFBC}") = "Epam.Library.DAL.Interfaces", "Epam.Library.DAL.Interfaces\Epam.Library.DAL.Interfaces.csproj", "{CE75CC28-C292-4F68-8D91-A0BC56ECF9FD}"
EndProject
Global
	GlobalSection(SolutionConfigurationPlatforms) = preSolution
		Debug|Any CPU = Debug|Any CPU
		Release|Any CPU = Release|Any CPU
	EndGlobalSection
	GlobalSection(ProjectConfigurationPlatforms) = postSolution
		{0A95235F-06D1-44D8-9FB4-847BCDEFD13B}.Debug|Any CPU.ActiveCfg = Debug|Any CPU
		{0A95235F-06D1-44D8-9FB4-847BCDEFD13B}.Debug|Any CPU.Build.0 = Debug|Any CPU
		{0A95235F-06D1-44D8-9FB4-847BCDEFD13B}.Release|Any CPU.ActiveCfg = Release|Any CPU
		{0A95235F-06D1-44D8-9FB4-847BCDEFD13B}.Release|Any CPU.Build.0 = Release|Any CPU
		{D857D7D5-E95A-4ACF-BBFB-48E9D69565AC}.Debug|Any CPU.ActiveCfg = Debug|Any CPU
		{D857D7D5-E95A-4ACF-BBFB-48E9D69565AC}.Debug|Any CPU.Build.0 = Debug|Any CPU
		{D857D7D5-E95A-4ACF-BBFB-48E9D69565AC}.Release|Any CPU.ActiveCfg = Release|Any CPU
		{D857D7D5-E95A-4ACF-BBFB-48E9D69565AC}.Release|Any CPU.Build.0 = Release|Any CPU
		{20E49E45-EF38-4F84-9560-072AB99291C3}.Debug|Any CPU.ActiveCfg = Debug|Any CPU
		{20E49E45-EF38-4F84-9560-072AB99291C3}.Debug|Any CPU.Build.0 = Debug|Any CPU
		{20E49E45-EF38-4F84-9560-072AB99291C3}.Release|Any CPU.ActiveCfg = Release|Any CPU
		{20E49E45-EF38-4F84-9560-072AB99291C3}.Release|Any CPU.Build.0 = Release|Any CPU
		{C4C7045D-C04C-4B8A-B2BE-2C77CF4BBF8A}.Debug|Any CPU.ActiveCfg = Debug|Any CPU
		{C4C7045D-C04C-4B8A-B2BE-2C77CF4BBF8A}.Debug|Any CPU.Build.0 = Debug|Any CPU
		{C4C7045D-C04C-4B8A-B2BE-2C77CF4BBF8A}.Release|Any CPU.ActiveCfg = Release|Any CPU
		{C4C7045D-C04C-4B8A-B2BE-2C77CF4BBF8A}.Release|Any CPU.Build.0 = Release|Any CPU
		{A2A92153-A2CA-40E8-8184-F0EE051C1B7A}.Debug|Any CPU.ActiveCfg = Debug|Any CPU
		{A2A92153-A2CA-40E8-8184-F0EE051C1B7A}.Debug|Any CPU.Build.0 = Debug|Any CPU
		{A2A92153-A2CA-40E8-8184-F0EE051C1B7A}.Release|Any CPU.ActiveCfg = Release|Any CPU
		{A2A92153-A2CA-40E8-8184-F0EE051C1B7A}.Release|Any CPU.Build.0 = Release|Any CPU
		{8FD4E38E-48D7-403E-8D3E-96E647EC8EF2}.Debug|Any CPU.ActiveCfg = Debug|Any CPU
		{8FD4E38E-48D7-403E-8D3E-96E647EC8EF2}.Debug|Any CPU.Build.0 = Debug|Any CPU
		{8FD4E38E-48D7-403E-8D3E-96E647EC8EF2}.Release|Any CPU.ActiveCfg = Release|Any CPU
		{8FD4E38E-48D7-403E-8D3E-96E647EC8EF2}.Release|Any CPU.Build.0 = Release|Any CPU
		{F553C504-15FE-4982-A091-23225F98D853}.Debug|Any CPU.ActiveCfg = Debug|Any CPU
		{F553C504-15FE-4982-A091-23225F98D853}.Debug|Any CPU.Build.0 = Debug|Any CPU
		{F553C504-15FE-4982-A091-23225F98D853}.Release|Any CPU.ActiveCfg = Release|Any CPU
		{F553C504-15FE-4982-A091-23225F98D853}.Release|Any CPU.Build.0 = Release|Any CPU
		{CE75CC28-C292-4F68-8D91-A0BC56ECF9FD}.Debug|Any CPU.ActiveCfg = Debug|Any CPU
		{CE75CC28-C292-4F68-8D91-A0BC56ECF9FD}.Debug|Any CPU.Build.0 = Debug|Any CPU
		{CE75CC28-C292-4F68-8D91-A0BC56ECF9FD}.Release|Any CPU.ActiveCfg = Release|Any CPU
		{CE75CC28-C292-4F68-8D91-A0BC56ECF9FD}.Release|Any CPU.Build.0 = Release|Any CPU
	EndGlobalSection
	GlobalSection(SolutionProperties) = preSolution
		HideSolutionNode = FALSE
	EndGlobalSection
	GlobalSection(NestedProjects) = preSolution
		{0A95235F-06D1-44D8-9FB4-847BCDEFD13B} = {F8285E6C-DE32-41B1-ACE6-054067FCB0F0}
		{D857D7D5-E95A-4ACF-BBFB-48E9D69565AC} = {AB2A4479-AC97-48E4-B64C-057C316891A1}
		{20E49E45-EF38-4F84-9560-072AB99291C3} = {75EF10A3-7BB9-47AD-9234-0A6BE22AA0E8}
		{C4C7045D-C04C-4B8A-B2BE-2C77CF4BBF8A} = {5ADBF889-B44B-4B12-AB2D-ABA64A700EE6}
		{A2A92153-A2CA-40E8-8184-F0EE051C1B7A} = {FFBA0D0F-8B6A-406C-9931-45FA67BE4757}
		{F553C504-15FE-4982-A091-23225F98D853} = {F8285E6C-DE32-41B1-ACE6-054067FCB0F0}
		{CE75CC28-C292-4F68-8D91-A0BC56ECF9FD} = {AB2A4479-AC97-48E4-B64C-057C316891A1}
	EndGlobalSection
	GlobalSection(ExtensibilityGlobals) = postSolution
		SolutionGuid = {C84C5C8A-AF48-4CF3-8A53-3C855F2629E8}
	EndGlobalSection
EndGlobal
